
Microsoft Visual Studio Solution File, Format Version 12.00
# Visual Studio Version 17
VisualStudioVersion = 17.0.32112.339
MinimumVisualStudioVersion = 10.0.40219.1
Project("{FAE04EC0-301F-11D3-BF4B-00C04F79EFBC}") = "GUI-1", "GUI-1\GUI-1.csproj", "{3505643C-F9EC-43E0-801B-B4FF2033C0EB}"
EndProject
Global
	GlobalSection(SolutionConfigurationPlatforms) = preSolution
		Debug|Any CPU = Debug|Any CPU
		Release|Any CPU = Release|Any CPU
	EndGlobalSection
	GlobalSection(ProjectConfigurationPlatforms) = postSolution
		{3505643C-F9EC-43E0-801B-B4FF2033C0EB}.Debug|Any CPU.ActiveCfg = Debug|Any CPU
		{3505643C-F9EC-43E0-801B-B4FF2033C0EB}.Debug|Any CPU.Build.0 = Debug|Any CPU
		{3505643C-F9EC-43E0-801B-B4FF2033C0EB}.Release|Any CPU.ActiveCfg = Release|Any CPU
		{3505643C-F9EC-43E0-801B-B4FF2033C0EB}.Release|Any CPU.Build.0 = Release|Any CPU
	EndGlobalSection
	GlobalSection(SolutionProperties) = preSolution
		HideSolutionNode = FALSE
	EndGlobalSection
	GlobalSection(ExtensibilityGlobals) = postSolution
		SolutionGuid = {F9728913-C25E-44D0-9B7B-1189DF54F76C}
	EndGlobalSection
EndGlobal
